Microsoft Visual Studio Solution File, Format Version 12.00
# Visual Studio Version 16
VisualStudioVersion = 16.0.30011.22
MinimumVisualStudioVersion = 10.0.40219.1
Project("{2150E333-8FDC-42A3-9474-1A3956D46DE8}") = "1 - Application", "1 - Application", "{21D35766-25BB-4466-AEEC-86FAFF7271CA}"
EndProject
Project("{2150E333-8FDC-42A3-9474-1A3956D46DE8}") = "2 - Domain", "2 - Domain", "{40B95DE4-C627-4446-BCC5-ECA52D0C3A15}"
EndProject
Project("{9A19103F-16F7-4668-BE54-9A1E7A4F7556}") = "LocaGames.API", "LocaGames.API\LocaGames.API.csproj", "{8DBD9531-0FF4-49F1-B129-8AA485BB8A53}"
EndProject
Project("{9A19103F-16F7-4668-BE54-9A1E7A4F7556}") = "LocaGames.Domain", "LocaGames.Domain\LocaGames.Domain.csproj", "{D14AC24A-7BBD-4EC0-99B2-EAFC3E1E3E5A}"
EndProject
Project("{2150E333-8FDC-42A3-9474-1A3956D46DE8}") = "4 - Infra", "4 - Infra", "{195A883A-3FC4-4F0F-B3C0-F7EC85B20B6A}"
EndProject
Project("{2150E333-8FDC-42A3-9474-1A3956D46DE8}") = "4.3 - Shared", "4.3 - Shared", "{5FFB9C19-BEDE-4030-9A54-D0CA971CB7B1}"
EndProject
Project("{2150E333-8FDC-42A3-9474-1A3956D46DE8}") = "4.2 - CrossCutting", "4.2 - CrossCutting", "{411AB0F3-4186-43DB-84D2-DF35F5355DCC}"
EndProject
Project("{2150E333-8FDC-42A3-9474-1A3956D46DE8}") = "4.1 - Data", "4.1 - Data", "{08D81433-6FB6-479D-B77C-0727DCD424CC}"
EndProject
Project("{9A19103F-16F7-4668-BE54-9A1E7A4F7556}") = "LocaGames.Infra.Data", "LocaGames.Infra.Data\LocaGames.Infra.Data.csproj", "{3D1653A6-DC48-4767-B930-B60DF01B380D}"
EndProject
Project("{9A19103F-16F7-4668-BE54-9A1E7A4F7556}") = "LocaGames.Infra.CrossCutting", "LocaGames.Infra.CrossCutting\LocaGames.Infra.CrossCutting.csproj", "{3D8F5D86-0DBF-48CC-B4AE-C95C376A7EBD}"
EndProject
Project("{9A19103F-16F7-4668-BE54-9A1E7A4F7556}") = "LocaGames.Infra.Shared", "LocaGames.Infra.Shared\LocaGames.Infra.Shared.csproj", "{9AECCFAB-E9AA-4985-9C07-5AD434D9F73D}"
EndProject
Project("{2150E333-8FDC-42A3-9474-1A3956D46DE8}") = "3 - Services", "3 - Services", "{673F6FB4-B84E-4872-B6DF-893B19102541}"
EndProject
Project("{9A19103F-16F7-4668-BE54-9A1E7A4F7556}") = "LocaGames.Service", "LocaGames.Services\LocaGames.Service.csproj", "{F00076ED-DB99-4301-B0E2-E2DF30824932}"
EndProject
Project("{2150E333-8FDC-42A3-9474-1A3956D46DE8}") = "5 - Test", "5 - Test", "{282B6B1D-941F-4377-BBE6-5B43668C2A7E}"
EndProject
Project("{FAE04EC0-301F-11D3-BF4B-00C04F79EFBC}") = "LocaGames.Test", "LocaGames.Test\LocaGames.Test.csproj", "{62827AFD-5A74-4280-8606-8C109024712C}"
EndProject
Global
	GlobalSection(SolutionConfigurationPlatforms) = preSolution
		Debug|Any CPU = Debug|Any CPU
		Release|Any CPU = Release|Any CPU
	EndGlobalSection
	GlobalSection(ProjectConfigurationPlatforms) = postSolution
		{8DBD9531-0FF4-49F1-B129-8AA485BB8A53}.Debug|Any CPU.ActiveCfg = Debug|Any CPU
		{8DBD9531-0FF4-49F1-B129-8AA485BB8A53}.Debug|Any CPU.Build.0 = Debug|Any CPU
		{8DBD9531-0FF4-49F1-B129-8AA485BB8A53}.Release|Any CPU.ActiveCfg = Release|Any CPU
		{8DBD9531-0FF4-49F1-B129-8AA485BB8A53}.Release|Any CPU.Build.0 = Release|Any CPU
		{D14AC24A-7BBD-4EC0-99B2-EAFC3E1E3E5A}.Debug|Any CPU.ActiveCfg = Debug|Any CPU
		{D14AC24A-7BBD-4EC0-99B2-EAFC3E1E3E5A}.Debug|Any CPU.Build.0 = Debug|Any CPU
		{D14AC24A-7BBD-4EC0-99B2-EAFC3E1E3E5A}.Release|Any CPU.ActiveCfg = Release|Any CPU
		{D14AC24A-7BBD-4EC0-99B2-EAFC3E1E3E5A}.Release|Any CPU.Build.0 = Release|Any CPU
		{3D1653A6-DC48-4767-B930-B60DF01B380D}.Debug|Any CPU.ActiveCfg = Debug|Any CPU
		{3D1653A6-DC48-4767-B930-B60DF01B380D}.Debug|Any CPU.Build.0 = Debug|Any CPU
		{3D1653A6-DC48-4767-B930-B60DF01B380D}.Release|Any CPU.ActiveCfg = Release|Any CPU
		{3D1653A6-DC48-4767-B930-B60DF01B380D}.Release|Any CPU.Build.0 = Release|Any CPU
		{3D8F5D86-0DBF-48CC-B4AE-C95C376A7EBD}.Debug|Any CPU.ActiveCfg = Debug|Any CPU
		{3D8F5D86-0DBF-48CC-B4AE-C95C376A7EBD}.Debug|Any CPU.Build.0 = Debug|Any CPU
		{3D8F5D86-0DBF-48CC-B4AE-C95C376A7EBD}.Release|Any CPU.ActiveCfg = Release|Any CPU
		{3D8F5D86-0DBF-48CC-B4AE-C95C376A7EBD}.Release|Any CPU.Build.0 = Release|Any CPU
		{9AECCFAB-E9AA-4985-9C07-5AD434D9F73D}.Debug|Any CPU.ActiveCfg = Debug|Any CPU
		{9AECCFAB-E9AA-4985-9C07-5AD434D9F73D}.Debug|Any CPU.Build.0 = Debug|Any CPU
		{9AECCFAB-E9AA-4985-9C07-5AD434D9F73D}.Release|Any CPU.ActiveCfg = Release|Any CPU
		{9AECCFAB-E9AA-4985-9C07-5AD434D9F73D}.Release|Any CPU.Build.0 = Release|Any CPU
		{F00076ED-DB99-4301-B0E2-E2DF30824932}.Debug|Any CPU.ActiveCfg = Debug|Any CPU
		{F00076ED-DB99-4301-B0E2-E2DF30824932}.Debug|Any CPU.Build.0 = Debug|Any CPU
		{F00076ED-DB99-4301-B0E2-E2DF30824932}.Release|Any CPU.ActiveCfg = Release|Any CPU
		{F00076ED-DB99-4301-B0E2-E2DF30824932}.Release|Any CPU.Build.0 = Release|Any CPU
		{62827AFD-5A74-4280-8606-8C109024712C}.Debug|Any CPU.ActiveCfg = Debug|Any CPU
		{62827AFD-5A74-4280-8606-8C109024712C}.Debug|Any CPU.Build.0 = Debug|Any CPU
		{62827AFD-5A74-4280-8606-8C109024712C}.Release|Any CPU.ActiveCfg = Release|Any CPU
		{62827AFD-5A74-4280-8606-8C109024712C}.Release|Any CPU.Build.0 = Release|Any CPU
	EndGlobalSection
	GlobalSection(SolutionProperties) = preSolution
		HideSolutionNode = FALSE
	EndGlobalSection
	GlobalSection(NestedProjects) = preSolution
		{8DBD9531-0FF4-49F1-B129-8AA485BB8A53} = {21D35766-25BB-4466-AEEC-86FAFF7271CA}
		{D14AC24A-7BBD-4EC0-99B2-EAFC3E1E3E5A} = {40B95DE4-C627-4446-BCC5-ECA52D0C3A15}
		{5FFB9C19-BEDE-4030-9A54-D0CA971CB7B1} = {195A883A-3FC4-4F0F-B3C0-F7EC85B20B6A}
		{411AB0F3-4186-43DB-84D2-DF35F5355DCC} = {195A883A-3FC4-4F0F-B3C0-F7EC85B20B6A}
		{08D81433-6FB6-479D-B77C-0727DCD424CC} = {195A883A-3FC4-4F0F-B3C0-F7EC85B20B6A}
		{3D1653A6-DC48-4767-B930-B60DF01B380D} = {08D81433-6FB6-479D-B77C-0727DCD424CC}
		{3D8F5D86-0DBF-48CC-B4AE-C95C376A7EBD} = {411AB0F3-4186-43DB-84D2-DF35F5355DCC}
		{9AECCFAB-E9AA-4985-9C07-5AD434D9F73D} = {5FFB9C19-BEDE-4030-9A54-D0CA971CB7B1}
		{F00076ED-DB99-4301-B0E2-E2DF30824932} = {673F6FB4-B84E-4872-B6DF-893B19102541}
		{62827AFD-5A74-4280-8606-8C109024712C} = {282B6B1D-941F-4377-BBE6-5B43668C2A7E}
	EndGlobalSection
	GlobalSection(ExtensibilityGlobals) = postSolution
		SolutionGuid = {D91F2D84-4703-4357-9DBF-DFEED06676EC}
	EndGlobalSection
EndGlobal
